// !$*UTF8*$!
{
	archiveVersion = 1;
	classes = {
	};
	objectVersion = 46;
	objects = {

/* Begin PBXBuildFile section */
		97821D5FC09020572E977C18 /* Pods_1802_Emulator.framework in Frameworks */ = {isa = PBXBuildFile; fileRef = 8519CDBF2C179A7C929A5542 /* Pods_1802_Emulator.framework */; settings = {ATTRIBUTES = (Weak, ); }; };
		BFC896B61B22375700627D5D /* MainViewController.m in Sources */ = {isa = PBXBuildFile; fileRef = BFC896B41B22375700627D5D /* MainViewController.m */; };
		BFC896B91B223AD900627D5D /* LoaderTests.m in Sources */ = {isa = PBXBuildFile; fileRef = BFC896B81B223AD900627D5D /* LoaderTests.m */; };
		F66F6DCF1B24C668000ABAC6 /* RegistersView.m in Sources */ = {isa = PBXBuildFile; fileRef = F66F6DCE1B24C668000ABAC6 /* RegistersView.m */; };
		F6D63B451B1D6A6B006724FC /* AppDelegate.m in Sources */ = {isa = PBXBuildFile; fileRef = F6D63B441B1D6A6B006724FC /* AppDelegate.m */; };
		F6D63B471B1D6A6B006724FC /* main.m in Sources */ = {isa = PBXBuildFile; fileRef = F6D63B461B1D6A6B006724FC /* main.m */; };
		F6D63B491B1D6A6C006724FC /* Images.xcassets in Resources */ = {isa = PBXBuildFile; fileRef = F6D63B481B1D6A6C006724FC /* Images.xcassets */; };
		F6D63B4C1B1D6A6C006724FC /* MainMenu.xib in Resources */ = {isa = PBXBuildFile; fileRef = F6D63B4A1B1D6A6C006724FC /* MainMenu.xib */; };
		F6D63B581B1D6A6C006724FC /* _802_EmulatorTests.m in Sources */ = {isa = PBXBuildFile; fileRef = F6D63B571B1D6A6C006724FC /* _802_EmulatorTests.m */; };
		F6D63B621B1D6B01006724FC /* CPU Emulation.c in Sources */ = {isa = PBXBuildFile; fileRef = F6D63B611B1D6B01006724FC /* CPU Emulation.c */; };
		F6D63B671B200D8A006724FC /* HexLoader.m in Sources */ = {isa = PBXBuildFile; fileRef = F6D63B661B200D8A006724FC /* HexLoader.m */; };
		F90259AECE4BA362BDF144DB /* Pods_1802_EmulatorTests.framework in Frameworks */ = {isa = PBXBuildFile; fileRef = 7EAF866DE3A0EBD9C542BB66 /* Pods_1802_EmulatorTests.framework */; settings = {ATTRIBUTES = (Weak, ); }; };
/* End PBXBuildFile section */

/* Begin PBXContainerItemProxy section */
		F6D63B521B1D6A6C006724FC /* PBXContainerItemProxy */ = {
			isa = PBXContainerItemProxy;
			containerPortal = F6D63B361B1D6A6B006724FC /* Project object */;
			proxyType = 1;
			remoteGlobalIDString = F6D63B3D1B1D6A6B006724FC;
			remoteInfo = "1802 Emulator";
		};
/* End PBXContainerItemProxy section */

/* Begin PBXFileReference section */
		06CE66FDCAF2E4FD3FCEF453 /* Pods-1802 Emulator.release.xcconfig */ = {isa = PBXFileReference; includeInIndex = 1; lastKnownFileType = text.xcconfig; name = "Pods-1802 Emulator.release.xcconfig"; path = "Pods/Target Support Files/Pods-1802 Emulator/Pods-1802 Emulator.release.xcconfig"; sourceTree = "<group>"; };
		7EAF866DE3A0EBD9C542BB66 /* Pods_1802_EmulatorTests.framework */ = {isa = PBXFileReference; explicitFileType = wrapper.framework; includeInIndex = 0; path = Pods_1802_EmulatorTests.framework; sourceTree = BUILT_PRODUCTS_DIR; };
		8519CDBF2C179A7C929A5542 /* Pods_1802_Emulator.framework */ = {isa = PBXFileReference; explicitFileType = wrapper.framework; includeInIndex = 0; path = Pods_1802_Emulator.framework; sourceTree = BUILT_PRODUCTS_DIR; };
		AB4C5DAFA90247DDEB679225 /* Pods-1802 EmulatorTests.debug.xcconfig */ = {isa = PBXFileReference; includeInIndex = 1; lastKnownFileType = text.xcconfig; name = "Pods-1802 EmulatorTests.debug.xcconfig"; path = "Pods/Target Support Files/Pods-1802 EmulatorTests/Pods-1802 EmulatorTests.debug.xcconfig"; sourceTree = "<group>"; };
		BFC896B31B22375700627D5D /* MainViewController.h */ = {isa = PBXFileReference; fileEncoding = 4; lastKnownFileType = sourcecode.c.h; path = MainViewController.h; sourceTree = "<group>"; };
		BFC896B41B22375700627D5D /* MainViewController.m */ = {isa = PBXFileReference; fileEncoding = 4; lastKnownFileType = sourcecode.c.objc; path = MainViewController.m; sourceTree = "<group>"; };
		BFC896B81B223AD900627D5D /* LoaderTests.m */ = {isa = PBXFileReference; fileEncoding = 4; lastKnownFileType = sourcecode.c.objc; path = LoaderTests.m; sourceTree = "<group>"; };
		BFC897131B25EB2000627D5D /* 1802 Emulator.txt */ = {isa = PBXFileReference; lastKnownFileType = text; path = "1802 Emulator.txt"; sourceTree = "<group>"; };
		DC4A3AB3CFB94D5CFAD01E2A /* Pods-1802 EmulatorTests.release.xcconfig */ = {isa = PBXFileReference; includeInIndex = 1; lastKnownFileType = text.xcconfig; name = "Pods-1802 EmulatorTests.release.xcconfig"; path = "Pods/Target Support Files/Pods-1802 EmulatorTests/Pods-1802 EmulatorTests.release.xcconfig"; sourceTree = "<group>"; };
		F66F6DCD1B24C668000ABAC6 /* RegistersView.h */ = {isa = PBXFileReference; fileEncoding = 4; lastKnownFileType = sourcecode.c.h; path = RegistersView.h; sourceTree = "<group>"; };
		F66F6DCE1B24C668000ABAC6 /* RegistersView.m */ = {isa = PBXFileReference; fileEncoding = 4; lastKnownFileType = sourcecode.c.objc; path = RegistersView.m; sourceTree = "<group>"; };
		F6D63B3E1B1D6A6B006724FC /* 1802 Emulator.app */ = {isa = PBXFileReference; explicitFileType = wrapper.application; includeInIndex = 0; path = "1802 Emulator.app"; sourceTree = BUILT_PRODUCTS_DIR; };
		F6D63B421B1D6A6B006724FC /* Info.plist */ = {isa = PBXFileReference; lastKnownFileType = text.plist.xml; path = Info.plist; sourceTree = "<group>"; };
		F6D63B431B1D6A6B006724FC /* AppDelegate.h */ = {isa = PBXFileReference; lastKnownFileType = sourcecode.c.h; path = AppDelegate.h; sourceTree = "<group>"; };
		F6D63B441B1D6A6B006724FC /* AppDelegate.m */ = {isa = PBXFileReference; lastKnownFileType = sourcecode.c.objc; path = AppDelegate.m; sourceTree = "<group>"; };
		F6D63B461B1D6A6B006724FC /* main.m */ = {isa = PBXFileReference; lastKnownFileType = sourcecode.c.objc; path = main.m; sourceTree = "<group>"; };
		F6D63B481B1D6A6C006724FC /* Images.xcassets */ = {isa = PBXFileReference; lastKnownFileType = folder.assetcatalog; path = Images.xcassets; sourceTree = "<group>"; };
		F6D63B4B1B1D6A6C006724FC /* Base */ = {isa = PBXFileReference; lastKnownFileType = file.xib; name = Base; path = Base.lproj/MainMenu.xib; sourceTree = "<group>"; };
		F6D63B511B1D6A6C006724FC /* 1802 EmulatorTests.xctest */ = {isa = PBXFileReference; explicitFileType = wrapper.cfbundle; includeInIndex = 0; path = "1802 EmulatorTests.xctest"; sourceTree = BUILT_PRODUCTS_DIR; };
		F6D63B561B1D6A6C006724FC /* Info.plist */ = {isa = PBXFileReference; lastKnownFileType = text.plist.xml; path = Info.plist; sourceTree = "<group>"; };
		F6D63B571B1D6A6C006724FC /* _802_EmulatorTests.m */ = {isa = PBXFileReference; lastKnownFileType = sourcecode.c.objc; path = _802_EmulatorTests.m; sourceTree = "<group>"; };
		F6D63B611B1D6B01006724FC /* CPU Emulation.c */ = {isa = PBXFileReference; fileEncoding = 4; lastKnownFileType = sourcecode.c.c; path = "CPU Emulation.c"; sourceTree = "<group>"; };
		F6D63B631B1D6C19006724FC /* etypes.h */ = {isa = PBXFileReference; fileEncoding = 4; lastKnownFileType = sourcecode.c.h; path = etypes.h; sourceTree = "<group>"; };
		F6D63B641B1D6D69006724FC /* CPU Emulation.h */ = {isa = PBXFileReference; fileEncoding = 4; lastKnownFileType = sourcecode.c.h; path = "CPU Emulation.h"; sourceTree = "<group>"; };
		F6D63B651B200D8A006724FC /* HexLoader.h */ = {isa = PBXFileReference; fileEncoding = 4; lastKnownFileType = sourcecode.c.h; path = HexLoader.h; sourceTree = "<group>"; };
		F6D63B661B200D8A006724FC /* HexLoader.m */ = {isa = PBXFileReference; fileEncoding = 4; lastKnownFileType = sourcecode.c.objc; path = HexLoader.m; sourceTree = "<group>"; };
		FFD5885656535656B032A668 /* Pods-1802 Emulator.debug.xcconfig */ = {isa = PBXFileReference; includeInIndex = 1; lastKnownFileType = text.xcconfig; name = "Pods-1802 Emulator.debug.xcconfig"; path = "Pods/Target Support Files/Pods-1802 Emulator/Pods-1802 Emulator.debug.xcconfig"; sourceTree = "<group>"; };
/* End PBXFileReference section */

/* Begin PBXFrameworksBuildPhase section */
		F6D63B3B1B1D6A6B006724FC /* Frameworks */ = {
			isa = PBXFrameworksBuildPhase;
			buildActionMask = 2147483647;
			files = (
				97821D5FC09020572E977C18 /* Pods_1802_Emulator.framework in Frameworks */,
			);
			runOnlyForDeploymentPostprocessing = 0;
		};
		F6D63B4E1B1D6A6C006724FC /* Frameworks */ = {
			isa = PBXFrameworksBuildPhase;
			buildActionMask = 2147483647;
			files = (
				F90259AECE4BA362BDF144DB /* Pods_1802_EmulatorTests.framework in Frameworks */,
			);
			runOnlyForDeploymentPostprocessing = 0;
		};
/* End PBXFrameworksBuildPhase section */

/* Begin PBXGroup section */
		1B76E8A8D21FB5A3A971D01B /* Pods */ = {
			isa = PBXGroup;
			children = (
				FFD5885656535656B032A668 /* Pods-1802 Emulator.debug.xcconfig */,
				06CE66FDCAF2E4FD3FCEF453 /* Pods-1802 Emulator.release.xcconfig */,
				AB4C5DAFA90247DDEB679225 /* Pods-1802 EmulatorTests.debug.xcconfig */,
				DC4A3AB3CFB94D5CFAD01E2A /* Pods-1802 EmulatorTests.release.xcconfig */,
			);
			name = Pods;
			sourceTree = "<group>";
		};
		B61EF192F06C38A2C5DF1ACB /* Frameworks */ = {
			isa = PBXGroup;
			children = (
				8519CDBF2C179A7C929A5542 /* Pods_1802_Emulator.framework */,
				7EAF866DE3A0EBD9C542BB66 /* Pods_1802_EmulatorTests.framework */,
			);
			name = Frameworks;
			sourceTree = "<group>";
		};
		F6D63B351B1D6A6B006724FC = {
			isa = PBXGroup;
			children = (
				F6D63B401B1D6A6B006724FC /* 1802 Emulator */,
				F6D63B541B1D6A6C006724FC /* 1802 EmulatorTests */,
				F6D63B3F1B1D6A6B006724FC /* Products */,
				1B76E8A8D21FB5A3A971D01B /* Pods */,
				B61EF192F06C38A2C5DF1ACB /* Frameworks */,
			);
			sourceTree = "<group>";
		};
		F6D63B3F1B1D6A6B006724FC /* Products */ = {
			isa = PBXGroup;
			children = (
				F6D63B3E1B1D6A6B006724FC /* 1802 Emulator.app */,
				F6D63B511B1D6A6C006724FC /* 1802 EmulatorTests.xctest */,
			);
			name = Products;
			sourceTree = "<group>";
		};
		F6D63B401B1D6A6B006724FC /* 1802 Emulator */ = {
			isa = PBXGroup;
			children = (
				F6D63B641B1D6D69006724FC /* CPU Emulation.h */,
				F6D63B611B1D6B01006724FC /* CPU Emulation.c */,
				F6D63B431B1D6A6B006724FC /* AppDelegate.h */,
				F6D63B441B1D6A6B006724FC /* AppDelegate.m */,
				F6D63B481B1D6A6C006724FC /* Images.xcassets */,
				F6D63B4A1B1D6A6C006724FC /* MainMenu.xib */,
				BFC896B31B22375700627D5D /* MainViewController.h */,
				BFC896B41B22375700627D5D /* MainViewController.m */,
				F66F6DCD1B24C668000ABAC6 /* RegistersView.h */,
				F66F6DCE1B24C668000ABAC6 /* RegistersView.m */,
				F6D63B411B1D6A6B006724FC /* Supporting Files */,
				F6D63B631B1D6C19006724FC /* etypes.h */,
				F6D63B651B200D8A006724FC /* HexLoader.h */,
				F6D63B661B200D8A006724FC /* HexLoader.m */,
				BFC897131B25EB2000627D5D /* 1802 Emulator.txt */,
			);
			path = "1802 Emulator";
			sourceTree = "<group>";
		};
		F6D63B411B1D6A6B006724FC /* Supporting Files */ = {
			isa = PBXGroup;
			children = (
				F6D63B421B1D6A6B006724FC /* Info.plist */,
				F6D63B461B1D6A6B006724FC /* main.m */,
			);
			name = "Supporting Files";
			sourceTree = "<group>";
		};
		F6D63B541B1D6A6C006724FC /* 1802 EmulatorTests */ = {
			isa = PBXGroup;
			children = (
				F6D63B571B1D6A6C006724FC /* _802_EmulatorTests.m */,
				BFC896B81B223AD900627D5D /* LoaderTests.m */,
				F6D63B551B1D6A6C006724FC /* Supporting Files */,
			);
			path = "1802 EmulatorTests";
			sourceTree = "<group>";
		};
		F6D63B551B1D6A6C006724FC /* Supporting Files */ = {
			isa = PBXGroup;
			children = (
				F6D63B561B1D6A6C006724FC /* Info.plist */,
			);
			name = "Supporting Files";
			sourceTree = "<group>";
		};
/* End PBXGroup section */

/* Begin PBXNativeTarget section */
		F6D63B3D1B1D6A6B006724FC /* 1802 Emulator */ = {
			isa = PBXNativeTarget;
			buildConfigurationList = F6D63B5B1B1D6A6C006724FC /* Build configuration list for PBXNativeTarget "1802 Emulator" */;
			buildPhases = (
				18A4BDB22D73BF7D7BE0E228 /* Check Pods Manifest.lock */,
				F6D63B3A1B1D6A6B006724FC /* Sources */,
				F6D63B3B1B1D6A6B006724FC /* Frameworks */,
				F6D63B3C1B1D6A6B006724FC /* Resources */,
				49EE254A0BF46FDAB0A70A04 /* Copy Pods Resources */,
				43401CDC1B0B3E88DF9DBB81 /* Embed Pods Frameworks */,
			);
			buildRules = (
			);
			dependencies = (
			);
			name = "1802 Emulator";
			productName = "1802 Emulator";
			productReference = F6D63B3E1B1D6A6B006724FC /* 1802 Emulator.app */;
			productType = "com.apple.product-type.application";
		};
		F6D63B501B1D6A6C006724FC /* 1802 EmulatorTests */ = {
			isa = PBXNativeTarget;
			buildConfigurationList = F6D63B5E1B1D6A6C006724FC /* Build configuration list for PBXNativeTarget "1802 EmulatorTests" */;
			buildPhases = (
				C5FD5C032531F3207A5EBA3C /* Check Pods Manifest.lock */,
				F6D63B4D1B1D6A6C006724FC /* Sources */,
				F6D63B4E1B1D6A6C006724FC /* Frameworks */,
				F6D63B4F1B1D6A6C006724FC /* Resources */,
				CFBDB40D491844D0153207A7 /* Copy Pods Resources */,
				755B1CAE6ED990A6071554FA /* Embed Pods Frameworks */,
			);
			buildRules = (
			);
			dependencies = (
				F6D63B531B1D6A6C006724FC /* PBXTargetDependency */,
			);
			name = "1802 EmulatorTests";
			productName = "1802 EmulatorTests";
			productReference = F6D63B511B1D6A6C006724FC /* 1802 EmulatorTests.xctest */;
			productType = "com.apple.product-type.bundle.unit-test";
		};
/* End PBXNativeTarget section */

/* Begin PBXProject section */
		F6D63B361B1D6A6B006724FC /* Project object */ = {
			isa = PBXProject;
			attributes = {
				LastUpgradeCheck = 0630;
				ORGANIZATIONNAME = "Donald Meyer";
				TargetAttributes = {
					F6D63B3D1B1D6A6B006724FC = {
						CreatedOnToolsVersion = 6.3.2;
					};
					F6D63B501B1D6A6C006724FC = {
						CreatedOnToolsVersion = 6.3.2;
						TestTargetID = F6D63B3D1B1D6A6B006724FC;
					};
				};
			};
			buildConfigurationList = F6D63B391B1D6A6B006724FC /* Build configuration list for PBXProject "1802 Emulator" */;
			compatibilityVersion = "Xcode 3.2";
			developmentRegion = English;
			hasScannedForEncodings = 0;
			knownRegions = (
				en,
				Base,
			);
			mainGroup = F6D63B351B1D6A6B006724FC;
			productRefGroup = F6D63B3F1B1D6A6B006724FC /* Products */;
			projectDirPath = "";
			projectRoot = "";
			targets = (
				F6D63B3D1B1D6A6B006724FC /* 1802 Emulator */,
				F6D63B501B1D6A6C006724FC /* 1802 EmulatorTests */,
			);
		};
/* End PBXProject section */

/* Begin PBXResourcesBuildPhase section */
		F6D63B3C1B1D6A6B006724FC /* Resources */ = {
			isa = PBXResourcesBuildPhase;
			buildActionMask = 2147483647;
			files = (
				F6D63B491B1D6A6C006724FC /* Images.xcassets in Resources */,
				F6D63B4C1B1D6A6C006724FC /* MainMenu.xib in Resources */,
			);
			runOnlyForDeploymentPostprocessing = 0;
		};
		F6D63B4F1B1D6A6C006724FC /* Resources */ = {
			isa = PBXResourcesBuildPhase;
			buildActionMask = 2147483647;
			files = (
			);
			runOnlyForDeploymentPostprocessing = 0;
		};
/* End PBXResourcesBuildPhase section */

/* Begin PBXShellScriptBuildPhase section */
		18A4BDB22D73BF7D7BE0E228 /* Check Pods Manifest.lock */ = {
			isa = PBXShellScriptBuildPhase;
			buildActionMask = 2147483647;
			files = (
			);
			inputPaths = (
			);
			name = "Check Pods Manifest.lock";
			outputPaths = (
			);
			runOnlyForDeploymentPostprocessing = 0;
			shellPath = /bin/sh;
			shellScript = "diff \"${PODS_ROOT}/../Podfile.lock\" \"${PODS_ROOT}/Manifest.lock\" > /dev/null\nif [[ $? != 0 ]] ; then\n    cat << EOM\nerror: The sandbox is not in sync with the Podfile.lock. Run 'pod install' or update your CocoaPods installation.\nEOM\n    exit 1\nfi\n";
			showEnvVarsInLog = 0;
		};
		43401CDC1B0B3E88DF9DBB81 /* Embed Pods Frameworks */ = {
			isa = PBXShellScriptBuildPhase;
			buildActionMask = 2147483647;
			files = (
			);
			inputPaths = (
			);
			name = "Embed Pods Frameworks";
			outputPaths = (
			);
			runOnlyForDeploymentPostprocessing = 0;
			shellPath = /bin/sh;
			shellScript = "\"${SRCROOT}/Pods/Target Support Files/Pods-1802 Emulator/Pods-1802 Emulator-frameworks.sh\"\n";
			showEnvVarsInLog = 0;
		};
		49EE254A0BF46FDAB0A70A04 /* Copy Pods Resources */ = {
			isa = PBXShellScriptBuildPhase;
			buildActionMask = 2147483647;
			files = (
			);
			inputPaths = (
			);
			name = "Copy Pods Resources";
			outputPaths = (
			);
			runOnlyForDeploymentPostprocessing = 0;
			shellPath = /bin/sh;
			shellScript = "\"${SRCROOT}/Pods/Target Support Files/Pods-1802 Emulator/Pods-1802 Emulator-resources.sh\"\n";
			showEnvVarsInLog = 0;
		};
		755B1CAE6ED990A6071554FA /* Embed Pods Frameworks */ = {
			isa = PBXShellScriptBuildPhase;
			buildActionMask = 2147483647;
			files = (
			);
			inputPaths = (
			);
			name = "Embed Pods Frameworks";
			outputPaths = (
			);
			runOnlyForDeploymentPostprocessing = 0;
			shellPath = /bin/sh;
			shellScript = "\"${SRCROOT}/Pods/Target Support Files/Pods-1802 EmulatorTests/Pods-1802 EmulatorTests-frameworks.sh\"\n";
			showEnvVarsInLog = 0;
		};
		C5FD5C032531F3207A5EBA3C /* Check Pods Manifest.lock */ = {
			isa = PBXShellScriptBuildPhase;
			buildActionMask = 2147483647;
			files = (
			);
			inputPaths = (
			);
			name = "Check Pods Manifest.lock";
			outputPaths = (
			);
			runOnlyForDeploymentPostprocessing = 0;
			shellPath = /bin/sh;
			shellScript = "diff \"${PODS_ROOT}/../Podfile.lock\" \"${PODS_ROOT}/Manifest.lock\" > /dev/null\nif [[ $? != 0 ]] ; then\n    cat << EOM\nerror: The sandbox is not in sync with the Podfile.lock. Run 'pod install' or update your CocoaPods installation.\nEOM\n    exit 1\nfi\n";
			showEnvVarsInLog = 0;
		};
		CFBDB40D491844D0153207A7 /* Copy Pods Resources */ = {
			isa = PBXShellScriptBuildPhase;
			buildActionMask = 2147483647;
			files = (
			);
			inputPaths = (
			);
			name = "Copy Pods Resources";
			outputPaths = (
			);
			runOnlyForDeploymentPostprocessing = 0;
			shellPath = /bin/sh;
			shellScript = "\"${SRCROOT}/Pods/Target Support Files/Pods-1802 EmulatorTests/Pods-1802 EmulatorTests-resources.sh\"\n";
			showEnvVarsInLog = 0;
		};
/* End PBXShellScriptBuildPhase section */

/* Begin PBXSourcesBuildPhase section */
		F6D63B3A1B1D6A6B006724FC /* Sources */ = {
			isa = PBXSourcesBuildPhase;
			buildActionMask = 2147483647;
			files = (
				F6D63B471B1D6A6B006724FC /* main.m in Sources */,
				F66F6DCF1B24C668000ABAC6 /* RegistersView.m in Sources */,
				F6D63B621B1D6B01006724FC /* CPU Emulation.c in Sources */,
				F6D63B671B200D8A006724FC /* HexLoader.m in Sources */,
				BFC896B61B22375700627D5D /* MainViewController.m in Sources */,
				F6D63B451B1D6A6B006724FC /* AppDelegate.m in Sources */,
			);
			runOnlyForDeploymentPostprocessing = 0;
		};
		F6D63B4D1B1D6A6C006724FC /* Sources */ = {
			isa = PBXSourcesBuildPhase;
			buildActionMask = 2147483647;
			files = (
				BFC896B91B223AD900627D5D /* LoaderTests.m in Sources */,
				F6D63B581B1D6A6C006724FC /* _802_EmulatorTests.m in Sources */,
			);
			runOnlyForDeploymentPostprocessing = 0;
		};
/* End PBXSourcesBuildPhase section */

/* Begin PBXTargetDependency section */
		F6D63B531B1D6A6C006724FC /* PBXTargetDependency */ = {
			isa = PBXTargetDependency;
			target = F6D63B3D1B1D6A6B006724FC /* 1802 Emulator */;
			targetProxy = F6D63B521B1D6A6C006724FC /* PBXContainerItemProxy */;
		};
/* End PBXTargetDependency section */

/* Begin PBXVariantGroup section */
		F6D63B4A1B1D6A6C006724FC /* MainMenu.xib */ = {
			isa = PBXVariantGroup;
			children = (
				F6D63B4B1B1D6A6C006724FC /* Base */,
			);
			name = MainMenu.xib;
			sourceTree = "<group>";
		};
/* End PBXVariantGroup section */

/* Begin XCBuildConfiguration section */
		F6D63B591B1D6A6C006724FC /* Debug */ = {
			isa = XCBuildConfiguration;
			buildSettings = {
				ALWAYS_SEARCH_USER_PATHS = NO;
				CLANG_CXX_LANGUAGE_STANDARD = "gnu++0x";
				CLANG_CXX_LIBRARY = "libc++";
				CLANG_ENABLE_MODULES = YES;
				CLANG_ENABLE_OBJC_ARC = YES;
				CLANG_WARN_BOOL_CONVERSION = YES;
				CLANG_WARN_CONSTANT_CONVERSION = YES;
				CLANG_WARN_DIRECT_OBJC_ISA_USAGE = YES_ERROR;
				CLANG_WARN_EMPTY_BODY = YES;
				CLANG_WARN_ENUM_CONVERSION = YES;
				CLANG_WARN_INT_CONVERSION = YES;
				CLANG_WARN_OBJC_ROOT_CLASS = YES_ERROR;
				CLANG_WARN_UNREACHABLE_CODE = YES;
				CLANG_WARN__DUPLICATE_METHOD_MATCH = YES;
				CODE_SIGN_IDENTITY = "-";
				COPY_PHASE_STRIP = NO;
				DEBUG_INFORMATION_FORMAT = dwarf;
				ENABLE_STRICT_OBJC_MSGSEND = YES;
				GCC_C_LANGUAGE_STANDARD = gnu99;
				GCC_DYNAMIC_NO_PIC = NO;
				GCC_NO_COMMON_BLOCKS = YES;
				GCC_OPTIMIZATION_LEVEL = 0;
				GCC_PREPROCESSOR_DEFINITIONS = (
					"DEBUG=1",
					"$(inherited)",
				);
				GCC_SYMBOLS_PRIVATE_EXTERN = NO;
				GCC_WARN_64_TO_32_BIT_CONVERSION = YES;
				GCC_WARN_ABOUT_RETURN_TYPE = YES_ERROR;
				GCC_WARN_UNDECLARED_SELECTOR = YES;
				GCC_WARN_UNINITIALIZED_AUTOS = YES_AGGRESSIVE;
				GCC_WARN_UNUSED_FUNCTION = YES;
				GCC_WARN_UNUSED_VARIABLE = YES;
				MACOSX_DEPLOYMENT_TARGET = 10.10;
				MTL_ENABLE_DEBUG_INFO = YES;
				ONLY_ACTIVE_ARCH = YES;
				SDKROOT = macosx;
			};
			name = Debug;
		};
		F6D63B5A1B1D6A6C006724FC /* Release */ = {
			isa = XCBuildConfiguration;
			buildSettings = {
				ALWAYS_SEARCH_USER_PATHS = NO;
				CLANG_CXX_LANGUAGE_STANDARD = "gnu++0x";
				CLANG_CXX_LIBRARY = "libc++";
				CLANG_ENABLE_MODULES = YES;
				CLANG_ENABLE_OBJC_ARC = YES;
				CLANG_WARN_BOOL_CONVERSION = YES;
				CLANG_WARN_CONSTANT_CONVERSION = YES;
				CLANG_WARN_DIRECT_OBJC_ISA_USAGE = YES_ERROR;
				CLANG_WARN_EMPTY_BODY = YES;
				CLANG_WARN_ENUM_CONVERSION = YES;
				CLANG_WARN_INT_CONVERSION = YES;
				CLANG_WARN_OBJC_ROOT_CLASS = YES_ERROR;
				CLANG_WARN_UNREACHABLE_CODE = YES;
				CLANG_WARN__DUPLICATE_METHOD_MATCH = YES;
				CODE_SIGN_IDENTITY = "-";
				COPY_PHASE_STRIP = NO;
				DEBUG_INFORMATION_FORMAT = "dwarf-with-dsym";
				ENABLE_NS_ASSERTIONS = NO;
				ENABLE_STRICT_OBJC_MSGSEND = YES;
				GCC_C_LANGUAGE_STANDARD = gnu99;
				GCC_NO_COMMON_BLOCKS = YES;
				GCC_WARN_64_TO_32_BIT_CONVERSION = YES;
				GCC_WARN_ABOUT_RETURN_TYPE = YES_ERROR;
				GCC_WARN_UNDECLARED_SELECTOR = YES;
				GCC_WARN_UNINITIALIZED_AUTOS = YES_AGGRESSIVE;
				GCC_WARN_UNUSED_FUNCTION = YES;
				GCC_WARN_UNUSED_VARIABLE = YES;
				MACOSX_DEPLOYMENT_TARGET = 10.10;
				MTL_ENABLE_DEBUG_INFO = NO;
				SDKROOT = macosx;
			};
			name = Release;
		};
		F6D63B5C1B1D6A6C006724FC /* Debug */ = {
			isa = XCBuildConfiguration;
			baseConfigurationReference = FFD5885656535656B032A668 /* Pods-1802 Emulator.debug.xcconfig */;
			buildSettings = {
				ASSETCATALOG_COMPILER_APPICON_NAME = AppIcon;
				COMBINE_HIDPI_IMAGES = YES;
				INFOPLIST_FILE = "1802 Emulator/Info.plist";
				LD_RUNPATH_SEARCH_PATHS = "$(inherited) @executable_path/../Frameworks";
				PRODUCT_NAME = "$(TARGET_NAME)";
			};
			name = Debug;
		};
		F6D63B5D1B1D6A6C006724FC /* Release */ = {
			isa = XCBuildConfiguration;
			baseConfigurationReference = 06CE66FDCAF2E4FD3FCEF453 /* Pods-1802 Emulator.release.xcconfig */;
			buildSettings = {
				ASSETCATALOG_COMPILER_APPICON_NAME = AppIcon;
				COMBINE_HIDPI_IMAGES = YES;
				INFOPLIST_FILE = "1802 Emulator/Info.plist";
				LD_RUNPATH_SEARCH_PATHS = "$(inherited) @executable_path/../Frameworks";
				PRODUCT_NAME = "$(TARGET_NAME)";
			};
			name = Release;
		};
		F6D63B5F1B1D6A6C006724FC /* Debug */ = {
			isa = XCBuildConfiguration;
			baseConfigurationReference = AB4C5DAFA90247DDEB679225 /* Pods-1802 EmulatorTests.debug.xcconfig */;
			buildSettings = {
				BUNDLE_LOADER = "$(TEST_HOST)";
				COMBINE_HIDPI_IMAGES = YES;
				FRAMEWORK_SEARCH_PATHS = (
					"$(DEVELOPER_FRAMEWORKS_DIR)",
					"$(inherited)",
				);
				GCC_PREPROCESSOR_DEFINITIONS = (
					"DEBUG=1",
					"$(inherited)",
				);
				INFOPLIST_FILE = "1802 EmulatorTests/Info.plist";
				LD_RUNPATH_SEARCH_PATHS = "$(inherited) @executable_path/../Frameworks @loader_path/../Frameworks";
				PRODUCT_NAME = "$(TARGET_NAME)";
				TEST_HOST = "$(BUILT_PRODUCTS_DIR)/1802 Emulator.app/Contents/MacOS/1802 Emulator";
			};
			name = Debug;
		};
		F6D63B601B1D6A6C006724FC /* Release */ = {
			isa = XCBuildConfiguration;
			baseConfigurationReference = DC4A3AB3CFB94D5CFAD01E2A /* Pods-1802 EmulatorTests.release.xcconfig */;
			buildSettings = {
				BUNDLE_LOADER = "$(TEST_HOST)";
				COMBINE_HIDPI_IMAGES = YES;
				FRAMEWORK_SEARCH_PATHS = (
					"$(DEVELOPER_FRAMEWORKS_DIR)",
					"$(inherited)",
				);
				INFOPLIST_FILE = "1802 EmulatorTests/Info.plist";
				LD_RUNPATH_SEARCH_PATHS = "$(inherited) @executable_path/../Frameworks @loader_path/../Frameworks";
				PRODUCT_NAME = "$(TARGET_NAME)";
				TEST_HOST = "$(BUILT_PRODUCTS_DIR)/1802 Emulator.app/Contents/MacOS/1802 Emulator";
			};
			name = Release;
		};
/* End XCBuildConfiguration section */

/* Begin XCConfigurationList section */
		F6D63B391B1D6A6B006724FC /* Build configuration list for PBXProject "1802 Emulator" */ = {
			isa = XCConfigurationList;
			buildConfigurations = (
				F6D63B591B1D6A6C006724FC /* Debug */,
				F6D63B5A1B1D6A6C006724FC /* Release */,
			);
			defaultConfigurationIsVisible = 0;
			defaultConfigurationName = Release;
		};
		F6D63B5B1B1D6A6C006724FC /* Build configuration list for PBXNativeTarget "1802 Emulator" */ = {
			isa = XCConfigurationList;
			buildConfigurations = (
				F6D63B5C1B1D6A6C006724FC /* Debug */,
				F6D63B5D1B1D6A6C006724FC /* Release */,
			);
			defaultConfigurationIsVisible = 0;
			defaultConfigurationName = Release;
		};
		F6D63B5E1B1D6A6C006724FC /* Build configuration list for PBXNativeTarget "1802 EmulatorTests" */ = {
			isa = XCConfigurationList;
			buildConfigurations = (
				F6D63B5F1B1D6A6C006724FC /* Debug */,
				F6D63B601B1D6A6C006724FC /* Release */,
			);
			defaultConfigurationIsVisible = 0;
			defaultConfigurationName = Release;
		};
/* End XCConfigurationList section */
	};
	rootObject = F6D63B361B1D6A6B006724FC /* Project object */;
}
